
Microsoft Visual Studio Solution File, Format Version 12.00
# Visual Studio Version 17
VisualStudioVersion = 17.3.32929.385
MinimumVisualStudioVersion = 10.0.40219.1
Project("{FAE04EC0-301F-11D3-BF4B-00C04F79EFBC}") = "AdventureGame", "AdventureGame.csproj", "{9994DACE-6283-4B1E-9278-81A11143C62B}"
EndProject
Global
	GlobalSection(SolutionConfigurationPlatforms) = preSolution
		Debug|Any CPU = Debug|Any CPU
		Release|Any CPU = Release|Any CPU
	EndGlobalSection
	GlobalSection(ProjectConfigurationPlatforms) = postSolution
		{9994DACE-6283-4B1E-9278-81A11143C62B}.Debug|Any CPU.ActiveCfg = Debug|Any CPU
		{9994DACE-6283-4B1E-9278-81A11143C62B}.Debug|Any CPU.Build.0 = Debug|Any CPU
		{9994DACE-6283-4B1E-9278-81A11143C62B}.Release|Any CPU.ActiveCfg = Release|Any CPU
		{9994DACE-6283-4B1E-9278-81A11143C62B}.Release|Any CPU.Build.0 = Release|Any CPU
	EndGlobalSection
	GlobalSection(SolutionProperties) = preSolution
		HideSolutionNode = FALSE
	EndGlobalSection
	GlobalSection(ExtensibilityGlobals) = postSolution
		SolutionGuid = {2E71B75B-0861-4D61-B261-31090986F083}
	EndGlobalSection
EndGlobal
